
Microsoft Visual Studio Solution File, Format Version 12.00
# Visual Studio Version 17
VisualStudioVersion = 17.11.35312.102
MinimumVisualStudioVersion = 10.0.40219.1
Project("{FAE04EC0-301F-11D3-BF4B-00C04F79EFBC}") = "Logika3", "Logika3.csproj", "{44704740-6F19-443F-837A-DCAADD8F9E9B}"
EndProject
Global
	GlobalSection(SolutionConfigurationPlatforms) = preSolution
		Debug|Any CPU = Debug|Any CPU
		Release|Any CPU = Release|Any CPU
	EndGlobalSection
	GlobalSection(ProjectConfigurationPlatforms) = postSolution
		{44704740-6F19-443F-837A-DCAADD8F9E9B}.Debug|Any CPU.ActiveCfg = Debug|Any CPU
		{44704740-6F19-443F-837A-DCAADD8F9E9B}.Debug|Any CPU.Build.0 = Debug|Any CPU
		{44704740-6F19-443F-837A-DCAADD8F9E9B}.Release|Any CPU.ActiveCfg = Release|Any CPU
		{44704740-6F19-443F-837A-DCAADD8F9E9B}.Release|Any CPU.Build.0 = Release|Any CPU
	EndGlobalSection
	GlobalSection(SolutionProperties) = preSolution
		HideSolutionNode = FALSE
	EndGlobalSection
	GlobalSection(ExtensibilityGlobals) = postSolution
		SolutionGuid = {A92C4863-87CA-4B0A-B205-5B3CE78D539A}
	EndGlobalSection
EndGlobal
